// !$*UTF8*$!
{
	archiveVersion = 1;
	classes = {
	};
	objectVersion = 56;
	objects = {

/* Begin PBXBuildFile section */
		D10723372C7444F1009C6F57 /* Settings.swift in Sources */ = {isa = PBXBuildFile; fileRef = D10723362C7444F1009C6F57 /* Settings.swift */; };
		D12215AE2CA2709E00697234 /* Soft music.mp4 in Resources */ = {isa = PBXBuildFile; fileRef = D12215AD2CA2709E00697234 /* Soft music.mp4 */; };
		D12215B02CA2740600697234 /* Binaural sounds.mp4 in Resources */ = {isa = PBXBuildFile; fileRef = D12215AF2CA2740600697234 /* Binaural sounds.mp4 */; };
		D12215B22CA274EC00697234 /* Guided meditation.mp4 in Resources */ = {isa = PBXBuildFile; fileRef = D12215B12CA274EB00697234 /* Guided meditation.mp4 */; };
		D12215B62CA2767D00697234 /* Custom music.mp4 in Resources */ = {isa = PBXBuildFile; fileRef = D12215B52CA2767D00697234 /* Custom music.mp4 */; };
		D149BEA42C40D90B00AF0B21 /* TapperApp.swift in Sources */ = {isa = PBXBuildFile; fileRef = D149BEA32C40D90B00AF0B21 /* TapperApp.swift */; };
		D149BEA62C40D90B00AF0B21 /* ContentView.swift in Sources */ = {isa = PBXBuildFile; fileRef = D149BEA52C40D90B00AF0B21 /* ContentView.swift */; };
		D149BEA82C40D90E00AF0B21 /* Assets.xcassets in Resources */ = {isa = PBXBuildFile; fileRef = D149BEA72C40D90E00AF0B21 /* Assets.xcassets */; };
		D149BEAB2C40D90E00AF0B21 /* Preview Assets.xcassets in Resources */ = {isa = PBXBuildFile; fileRef = D149BEAA2C40D90E00AF0B21 /* Preview Assets.xcassets */; };
		D18579E52C44E0D1004F8A83 /* Welcome.swift in Sources */ = {isa = PBXBuildFile; fileRef = D18579E42C44E0D1004F8A83 /* Welcome.swift */; };
		D18579E72C44F14E004F8A83 /* Comfort.swift in Sources */ = {isa = PBXBuildFile; fileRef = D18579E62C44F14E004F8A83 /* Comfort.swift */; };
		D1BFDC672C9A5154009BBC50 /* White noise.mp4 in Resources */ = {isa = PBXBuildFile; fileRef = D1BFDC662C9A5154009BBC50 /* White noise.mp4 */; };
		D1BFDC692C9A5167009BBC50 /* Nature sounds.mp4 in Resources */ = {isa = PBXBuildFile; fileRef = D1BFDC682C9A5167009BBC50 /* Nature sounds.mp4 */; };
		D1C1C25E2C93DEF200E9AD6A /* Sounds.swift in Sources */ = {isa = PBXBuildFile; fileRef = D1C1C25D2C93DEF200E9AD6A /* Sounds.swift */; };
		D1D162222C7C4087002DD3FE /* SoundsHome.swift in Sources */ = {isa = PBXBuildFile; fileRef = D1D162212C7C4087002DD3FE /* SoundsHome.swift */; };
		D1D162262C7C4104002DD3FE /* Tracker.swift in Sources */ = {isa = PBXBuildFile; fileRef = D1D162252C7C4104002DD3FE /* Tracker.swift */; };
/* End PBXBuildFile section */

/* Begin PBXFileReference section */
		D10723362C7444F1009C6F57 /* Settings.swift */ = {isa = PBXFileReference; lastKnownFileType = sourcecode.swift; path = Settings.swift; sourceTree = "<group>"; };
		D12215AD2CA2709E00697234 /* Soft music.mp4 */ = {isa = PBXFileReference; lastKnownFileType = file; path = "Soft music.mp4"; sourceTree = "<group>"; };
		D12215AF2CA2740600697234 /* Binaural sounds.mp4 */ = {isa = PBXFileReference; lastKnownFileType = file; path = "Binaural sounds.mp4"; sourceTree = "<group>"; };
		D12215B12CA274EB00697234 /* Guided meditation.mp4 */ = {isa = PBXFileReference; lastKnownFileType = file; path = "Guided meditation.mp4"; sourceTree = "<group>"; };
		D12215B52CA2767D00697234 /* Custom music.mp4 */ = {isa = PBXFileReference; lastKnownFileType = file; path = "Custom music.mp4"; sourceTree = "<group>"; };
		D149038B2C97FCB800D168BA /* Nature sounds.mp3 */ = {isa = PBXFileReference; lastKnownFileType = audio.mp3; path = "Nature sounds.mp3"; sourceTree = "<group>"; };
		D149BEA02C40D90B00AF0B21 /* Tapper.app */ = {isa = PBXFileReference; explicitFileType = wrapper.application; includeInIndex = 0; path = Tapper.app; sourceTree = BUILT_PRODUCTS_DIR; };
		D149BEA32C40D90B00AF0B21 /* TapperApp.swift */ = {isa = PBXFileReference; lastKnownFileType = sourcecode.swift; path = TapperApp.swift; sourceTree = "<group>"; };
		D149BEA52C40D90B00AF0B21 /* ContentView.swift */ = {isa = PBXFileReference; lastKnownFileType = sourcecode.swift; path = ContentView.swift; sourceTree = "<group>"; };
		D149BEA72C40D90E00AF0B21 /* Assets.xcassets */ = {isa = PBXFileReference; lastKnownFileType = folder.assetcatalog; path = Assets.xcassets; sourceTree = "<group>"; };
		D149BEAA2C40D90E00AF0B21 /* Preview Assets.xcassets */ = {isa = PBXFileReference; lastKnownFileType = folder.assetcatalog; path = "Preview Assets.xcassets"; sourceTree = "<group>"; };
		D18579E42C44E0D1004F8A83 /* Welcome.swift */ = {isa = PBXFileReference; lastKnownFileType = sourcecode.swift; path = Welcome.swift; sourceTree = "<group>"; };
		D18579E62C44F14E004F8A83 /* Comfort.swift */ = {isa = PBXFileReference; lastKnownFileType = sourcecode.swift; path = Comfort.swift; sourceTree = "<group>"; };
		D1BFDC662C9A5154009BBC50 /* White noise.mp4 */ = {isa = PBXFileReference; lastKnownFileType = file; path = "White noise.mp4"; sourceTree = "<group>"; };
		D1BFDC682C9A5167009BBC50 /* Nature sounds.mp4 */ = {isa = PBXFileReference; lastKnownFileType = file; path = "Nature sounds.mp4"; sourceTree = "<group>"; };
		D1C1C25D2C93DEF200E9AD6A /* Sounds.swift */ = {isa = PBXFileReference; lastKnownFileType = sourcecode.swift; path = Sounds.swift; sourceTree = "<group>"; };
		D1D162212C7C4087002DD3FE /* SoundsHome.swift */ = {isa = PBXFileReference; lastKnownFileType = sourcecode.swift; path = SoundsHome.swift; sourceTree = "<group>"; };
		D1D162252C7C4104002DD3FE /* Tracker.swift */ = {isa = PBXFileReference; lastKnownFileType = sourcecode.swift; path = Tracker.swift; sourceTree = "<group>"; };
/* End PBXFileReference section */

/* Begin PBXFrameworksBuildPhase section */
		D149BE9D2C40D90B00AF0B21 /* Frameworks */ = {
			isa = PBXFrameworksBuildPhase;
			buildActionMask = 2147483647;
			files = (
			);
			runOnlyForDeploymentPostprocessing = 0;
		};
/* End PBXFrameworksBuildPhase section */

/* Begin PBXGroup section */
		D149BE972C40D90B00AF0B21 = {
			isa = PBXGroup;
			children = (
				D149BEA22C40D90B00AF0B21 /* Tapper */,
				D149BEA12C40D90B00AF0B21 /* Products */,
			);
			sourceTree = "<group>";
		};
		D149BEA12C40D90B00AF0B21 /* Products */ = {
			isa = PBXGroup;
			children = (
				D149BEA02C40D90B00AF0B21 /* Tapper.app */,
			);
			name = Products;
			sourceTree = "<group>";
		};
		D149BEA22C40D90B00AF0B21 /* Tapper */ = {
			isa = PBXGroup;
			children = (
				D149038B2C97FCB800D168BA /* Nature sounds.mp3 */,
				D12215B12CA274EB00697234 /* Guided meditation.mp4 */,
				D1BFDC682C9A5167009BBC50 /* Nature sounds.mp4 */,
				D1BFDC662C9A5154009BBC50 /* White noise.mp4 */,
				D12215AD2CA2709E00697234 /* Soft music.mp4 */,
				D12215AF2CA2740600697234 /* Binaural sounds.mp4 */,
				D12215B52CA2767D00697234 /* Custom music.mp4 */,
				D149BEA32C40D90B00AF0B21 /* TapperApp.swift */,
				D149BEA52C40D90B00AF0B21 /* ContentView.swift */,
				D18579E42C44E0D1004F8A83 /* Welcome.swift */,
				D18579E62C44F14E004F8A83 /* Comfort.swift */,
				D1D162212C7C4087002DD3FE /* SoundsHome.swift */,
				D1C1C25D2C93DEF200E9AD6A /* Sounds.swift */,
				D1D162252C7C4104002DD3FE /* Tracker.swift */,
				D10723362C7444F1009C6F57 /* Settings.swift */,
				D149BEA72C40D90E00AF0B21 /* Assets.xcassets */,
				D149BEA92C40D90E00AF0B21 /* Preview Content */,
			);
			path = Tapper;
			sourceTree = "<group>";
		};
		D149BEA92C40D90E00AF0B21 /* Preview Content */ = {
			isa = PBXGroup;
			children = (
				D149BEAA2C40D90E00AF0B21 /* Preview Assets.xcassets */,
			);
			path = "Preview Content";
			sourceTree = "<group>";
		};
/* End PBXGroup section */

/* Begin PBXNativeTarget section */
		D149BE9F2C40D90B00AF0B21 /* Tapper */ = {
			isa = PBXNativeTarget;
			buildConfigurationList = D149BEAE2C40D90E00AF0B21 /* Build configuration list for PBXNativeTarget "Tapper" */;
			buildPhases = (
				D149BE9C2C40D90B00AF0B21 /* Sources */,
				D149BE9D2C40D90B00AF0B21 /* Frameworks */,
				D149BE9E2C40D90B00AF0B21 /* Resources */,
			);
			buildRules = (
			);
			dependencies = (
			);
			name = Tapper;
			productName = Tapper;
			productReference = D149BEA02C40D90B00AF0B21 /* Tapper.app */;
			productType = "com.apple.product-type.application";
		};
/* End PBXNativeTarget section */

/* Begin PBXProject section */
		D149BE982C40D90B00AF0B21 /* Project object */ = {
			isa = PBXProject;
			attributes = {
				BuildIndependentTargetsInParallel = 1;
				LastSwiftUpdateCheck = 1540;
				LastUpgradeCheck = 1540;
				TargetAttributes = {
					D149BE9F2C40D90B00AF0B21 = {
						CreatedOnToolsVersion = 15.4;
					};
				};
			};
			buildConfigurationList = D149BE9B2C40D90B00AF0B21 /* Build configuration list for PBXProject "Tapper" */;
			compatibilityVersion = "Xcode 14.0";
			developmentRegion = en;
			hasScannedForEncodings = 0;
			knownRegions = (
				en,
				Base,
			);
			mainGroup = D149BE972C40D90B00AF0B21;
			productRefGroup = D149BEA12C40D90B00AF0B21 /* Products */;
			projectDirPath = "";
			projectRoot = "";
			targets = (
				D149BE9F2C40D90B00AF0B21 /* Tapper */,
			);
		};
/* End PBXProject section */

/* Begin PBXResourcesBuildPhase section */
		D149BE9E2C40D90B00AF0B21 /* Resources */ = {
			isa = PBXResourcesBuildPhase;
			buildActionMask = 2147483647;
			files = (
				D1BFDC672C9A5154009BBC50 /* White noise.mp4 in Resources */,
				D12215AE2CA2709E00697234 /* Soft music.mp4 in Resources */,
				D149BEAB2C40D90E00AF0B21 /* Preview Assets.xcassets in Resources */,
				D12215B62CA2767D00697234 /* Custom music.mp4 in Resources */,
				D149BEA82C40D90E00AF0B21 /* Assets.xcassets in Resources */,
				D12215B02CA2740600697234 /* Binaural sounds.mp4 in Resources */,
				D1BFDC692C9A5167009BBC50 /* Nature sounds.mp4 in Resources */,
				D12215B22CA274EC00697234 /* Guided meditation.mp4 in Resources */,
			);
			runOnlyForDeploymentPostprocessing = 0;
		};
/* End PBXResourcesBuildPhase section */

/* Begin PBXSourcesBuildPhase section */
		D149BE9C2C40D90B00AF0B21 /* Sources */ = {
			isa = PBXSourcesBuildPhase;
			buildActionMask = 2147483647;
			files = (
				D149BEA62C40D90B00AF0B21 /* ContentView.swift in Sources */,
				D18579E52C44E0D1004F8A83 /* Welcome.swift in Sources */,
				D18579E72C44F14E004F8A83 /* Comfort.swift in Sources */,
				D1D162222C7C4087002DD3FE /* SoundsHome.swift in Sources */,
				D1C1C25E2C93DEF200E9AD6A /* Sounds.swift in Sources */,
				D149BEA42C40D90B00AF0B21 /* TapperApp.swift in Sources */,
				D10723372C7444F1009C6F57 /* Settings.swift in Sources */,
				D1D162262C7C4104002DD3FE /* Tracker.swift in Sources */,
			);
			runOnlyForDeploymentPostprocessing = 0;
		};
/* End PBXSourcesBuildPhase section */

/* Begin XCBuildConfiguration section */
		D149BEAC2C40D90E00AF0B21 /* Debug */ = {
			isa = XCBuildConfiguration;
			buildSettings = {
				ALWAYS_SEARCH_USER_PATHS = NO;
				ASSETCATALOG_COMPILER_GENERATE_SWIFT_ASSET_SYMBOL_EXTENSIONS = YES;
				CLANG_ANALYZER_NONNULL = YES;
				CLANG_ANALYZER_NUMBER_OBJECT_CONVERSION = YES_AGGRESSIVE;
				CLANG_CXX_LANGUAGE_STANDARD = "gnu++20";
				CLANG_ENABLE_MODULES = YES;
				CLANG_ENABLE_OBJC_ARC = YES;
				CLANG_ENABLE_OBJC_WEAK = YES;
				CLANG_WARN_BLOCK_CAPTURE_AUTORELEASING = YES;
				CLANG_WARN_BOOL_CONVERSION = YES;
				CLANG_WARN_COMMA = YES;
				CLANG_WARN_CONSTANT_CONVERSION = YES;
				CLANG_WARN_DEPRECATED_OBJC_IMPLEMENTATIONS = YES;
				CLANG_WARN_DIRECT_OBJC_ISA_USAGE = YES_ERROR;
				CLANG_WARN_DOCUMENTATION_COMMENTS = YES;
				CLANG_WARN_EMPTY_BODY = YES;
				CLANG_WARN_ENUM_CONVERSION = YES;
				CLANG_WARN_INFINITE_RECURSION = YES;
				CLANG_WARN_INT_CONVERSION = YES;
				CLANG_WARN_NON_LITERAL_NULL_CONVERSION = YES;
				CLANG_WARN_OBJC_IMPLICIT_RETAIN_SELF = YES;
				CLANG_WARN_OBJC_LITERAL_CONVERSION = YES;
				CLANG_WARN_OBJC_ROOT_CLASS = YES_ERROR;
				CLANG_WARN_QUOTED_INCLUDE_IN_FRAMEWORK_HEADER = YES;
				CLANG_WARN_RANGE_LOOP_ANALYSIS = YES;
				CLANG_WARN_STRICT_PROTOTYPES = YES;
				CLANG_WARN_SUSPICIOUS_MOVE = YES;
				CLANG_WARN_UNGUARDED_AVAILABILITY = YES_AGGRESSIVE;
				CLANG_WARN_UNREACHABLE_CODE = YES;
				CLANG_WARN__DUPLICATE_METHOD_MATCH = YES;
				COPY_PHASE_STRIP = NO;
				DEBUG_INFORMATION_FORMAT = dwarf;
				ENABLE_STRICT_OBJC_MSGSEND = YES;
				ENABLE_TESTABILITY = YES;
				ENABLE_USER_SCRIPT_SANDBOXING = YES;
				GCC_C_LANGUAGE_STANDARD = gnu17;
				GCC_DYNAMIC_NO_PIC = NO;
				GCC_NO_COMMON_BLOCKS = YES;
				GCC_OPTIMIZATION_LEVEL = 0;
				GCC_PREPROCESSOR_DEFINITIONS = (
					"DEBUG=1",
					"$(inherited)",
				);
				GCC_WARN_64_TO_32_BIT_CONVERSION = YES;
				GCC_WARN_ABOUT_RETURN_TYPE = YES_ERROR;
				GCC_WARN_UNDECLARED_SELECTOR = YES;
				GCC_WARN_UNINITIALIZED_AUTOS = YES_AGGRESSIVE;
				GCC_WARN_UNUSED_FUNCTION = YES;
				GCC_WARN_UNUSED_VARIABLE = YES;
				IPHONEOS_DEPLOYMENT_TARGET = 17.5;
				LOCALIZATION_PREFERS_STRING_CATALOGS = YES;
				MTL_ENABLE_DEBUG_INFO = INCLUDE_SOURCE;
				MTL_FAST_MATH = YES;
				ONLY_ACTIVE_ARCH = YES;
				SDKROOT = iphoneos;
				SWIFT_ACTIVE_COMPILATION_CONDITIONS = "DEBUG $(inherited)";
				SWIFT_OPTIMIZATION_LEVEL = "-Onone";
			};
			name = Debug;
		};
		D149BEAD2C40D90E00AF0B21 /* Release */ = {
			isa = XCBuildConfiguration;
			buildSettings = {
				ALWAYS_SEARCH_USER_PATHS = NO;
				ASSETCATALOG_COMPILER_GENERATE_SWIFT_ASSET_SYMBOL_EXTENSIONS = YES;
				CLANG_ANALYZER_NONNULL = YES;
				CLANG_ANALYZER_NUMBER_OBJECT_CONVERSION = YES_AGGRESSIVE;
				CLANG_CXX_LANGUAGE_STANDARD = "gnu++20";
				CLANG_ENABLE_MODULES = YES;
				CLANG_ENABLE_OBJC_ARC = YES;
				CLANG_ENABLE_OBJC_WEAK = YES;
				CLANG_WARN_BLOCK_CAPTURE_AUTORELEASING = YES;
				CLANG_WARN_BOOL_CONVERSION = YES;
				CLANG_WARN_COMMA = YES;
				CLANG_WARN_CONSTANT_CONVERSION = YES;
				CLANG_WARN_DEPRECATED_OBJC_IMPLEMENTATIONS = YES;
				CLANG_WARN_DIRECT_OBJC_ISA_USAGE = YES_ERROR;
				CLANG_WARN_DOCUMENTATION_COMMENTS = YES;
				CLANG_WARN_EMPTY_BODY = YES;
				CLANG_WARN_ENUM_CONVERSION = YES;
				CLANG_WARN_INFINITE_RECURSION = YES;
				CLANG_WARN_INT_CONVERSION = YES;
				CLANG_WARN_NON_LITERAL_NULL_CONVERSION = YES;
				CLANG_WARN_OBJC_IMPLICIT_RETAIN_SELF = YES;
				CLANG_WARN_OBJC_LITERAL_CONVERSION = YES;
				CLANG_WARN_OBJC_ROOT_CLASS = YES_ERROR;
				CLANG_WARN_QUOTED_INCLUDE_IN_FRAMEWORK_HEADER = YES;
				CLANG_WARN_RANGE_LOOP_ANALYSIS = YES;
				CLANG_WARN_STRICT_PROTOTYPES = YES;
				CLANG_WARN_SUSPICIOUS_MOVE = YES;
				CLANG_WARN_UNGUARDED_AVAILABILITY = YES_AGGRESSIVE;
				CLANG_WARN_UNREACHABLE_CODE = YES;
				CLANG_WARN__DUPLICATE_METHOD_MATCH = YES;
				COPY_PHASE_STRIP = NO;
				DEBUG_INFORMATION_FORMAT = "dwarf-with-dsym";
				ENABLE_NS_ASSERTIONS = NO;
				ENABLE_STRICT_OBJC_MSGSEND = YES;
				ENABLE_USER_SCRIPT_SANDBOXING = YES;
				GCC_C_LANGUAGE_STANDARD = gnu17;
				GCC_NO_COMMON_BLOCKS = YES;
				GCC_WARN_64_TO_32_BIT_CONVERSION = YES;
				GCC_WARN_ABOUT_RETURN_TYPE = YES_ERROR;
				GCC_WARN_UNDECLARED_SELECTOR = YES;
				GCC_WARN_UNINITIALIZED_AUTOS = YES_AGGRESSIVE;
				GCC_WARN_UNUSED_FUNCTION = YES;
				GCC_WARN_UNUSED_VARIABLE = YES;
				IPHONEOS_DEPLOYMENT_TARGET = 17.5;
				LOCALIZATION_PREFERS_STRING_CATALOGS = YES;
				MTL_ENABLE_DEBUG_INFO = NO;
				MTL_FAST_MATH = YES;
				SDKROOT = iphoneos;
				SWIFT_COMPILATION_MODE = wholemodule;
				VALIDATE_PRODUCT = YES;
			};
			name = Release;
		};
		D149BEAF2C40D90E00AF0B21 /* Debug */ = {
			isa = XCBuildConfiguration;
			buildSettings = {
				ASSETCATALOG_COMPILER_APPICON_NAME = AppIcon;
				ASSETCATALOG_COMPILER_GLOBAL_ACCENT_COLOR_NAME = AccentColor;
				CODE_SIGN_STYLE = Automatic;
				CURRENT_PROJECT_VERSION = 1;
				DEVELOPMENT_ASSET_PATHS = "\"Tapper/Preview Content\"";
				DEVELOPMENT_TEAM = 593Q9NC9KF;
				ENABLE_PREVIEWS = YES;
				GENERATE_INFOPLIST_FILE = YES;
				INFOPLIST_KEY_UIApplicationSceneManifest_Generation = YES;
				INFOPLIST_KEY_UIApplicationSupportsIndirectInputEvents = YES;
				INFOPLIST_KEY_UILaunchScreen_Generation = YES;
				INFOPLIST_KEY_UISupportedInterfaceOrientations_iPad = "UIInterfaceOrientationPortrait UIInterfaceOrientationPortraitUpsideDown UIInterfaceOrientationLandscapeLeft UIInterfaceOrientationLandscapeRight";
				INFOPLIST_KEY_UISupportedInterfaceOrientations_iPhone = "UIInterfaceOrientationPortrait UIInterfaceOrientationLandscapeLeft UIInterfaceOrientationLandscapeRight";
				IPHONEOS_DEPLOYMENT_TARGET = 16.4;
				LD_RUNPATH_SEARCH_PATHS = (
					"$(inherited)",
					"@executable_path/Frameworks",
				);
				MARKETING_VERSION = 1.0;
				PRODUCT_BUNDLE_IDENTIFIER = abigail.Tapper;
				PRODUCT_NAME = "$(TARGET_NAME)";
				SWIFT_EMIT_LOC_STRINGS = YES;
				SWIFT_VERSION = 5.0;
				TARGETED_DEVICE_FAMILY = "1,2";
			};
			name = Debug;
		};
		D149BEB02C40D90E00AF0B21 /* Release */ = {
			isa = XCBuildConfiguration;
			buildSettings = {
				ASSETCATALOG_COMPILER_APPICON_NAME = AppIcon;
				ASSETCATALOG_COMPILER_GLOBAL_ACCENT_COLOR_NAME = AccentColor;
				CODE_SIGN_STYLE = Automatic;
				CURRENT_PROJECT_VERSION = 1;
				DEVELOPMENT_ASSET_PATHS = "\"Tapper/Preview Content\"";
				DEVELOPMENT_TEAM = 593Q9NC9KF;
				ENABLE_PREVIEWS = YES;
				GENERATE_INFOPLIST_FILE = YES;
				INFOPLIST_KEY_UIApplicationSceneManifest_Generation = YES;
				INFOPLIST_KEY_UIApplicationSupportsIndirectInputEvents = YES;
				INFOPLIST_KEY_UILaunchScreen_Generation = YES;
				INFOPLIST_KEY_UISupportedInterfaceOrientations_iPad = "UIInterfaceOrientationPortrait UIInterfaceOrientationPortraitUpsideDown UIInterfaceOrientationLandscapeLeft UIInterfaceOrientationLandscapeRight";
				INFOPLIST_KEY_UISupportedInterfaceOrientations_iPhone = "UIInterfaceOrientationPortrait UIInterfaceOrientationLandscapeLeft UIInterfaceOrientationLandscapeRight";
				IPHONEOS_DEPLOYMENT_TARGET = 16.4;
				LD_RUNPATH_SEARCH_PATHS = (
					"$(inherited)",
					"@executable_path/Frameworks",
				);
				MARKETING_VERSION = 1.0;
				PRODUCT_BUNDLE_IDENTIFIER = abigail.Tapper;
				PRODUCT_NAME = "$(TARGET_NAME)";
				SWIFT_EMIT_LOC_STRINGS = YES;
				SWIFT_VERSION = 5.0;
				TARGETED_DEVICE_FAMILY = "1,2";
			};
			name = Release;
		};
/* End XCBuildConfiguration section */

/* Begin XCConfigurationList section */
		D149BE9B2C40D90B00AF0B21 /* Build configuration list for PBXProject "Tapper" */ = {
			isa = XCConfigurationList;
			buildConfigurations = (
				D149BEAC2C40D90E00AF0B21 /* Debug */,
				D149BEAD2C40D90E00AF0B21 /* Release */,
			);
			defaultConfigurationIsVisible = 0;
			defaultConfigurationName = Release;
		};
		D149BEAE2C40D90E00AF0B21 /* Build configuration list for PBXNativeTarget "Tapper" */ = {
			isa = XCConfigurationList;
			buildConfigurations = (
				D149BEAF2C40D90E00AF0B21 /* Debug */,
				D149BEB02C40D90E00AF0B21 /* Release */,
			);
			defaultConfigurationIsVisible = 0;
			defaultConfigurationName = Release;
		};
/* End XCConfigurationList section */
	};
	rootObject = D149BE982C40D90B00AF0B21 /* Project object */;
}
